
Microsoft Visual Studio Solution File, Format Version 12.00
# Visual Studio Version 17
VisualStudioVersion = 17.7.34221.43
MinimumVisualStudioVersion = 10.0.40219.1
Project("{FAE04EC0-301F-11D3-BF4B-00C04F79EFBC}") = "luvGame", "luvGame.csproj", "{5496DAB3-EF17-4065-82B8-81951A04A9B8}"
EndProject
Global
	GlobalSection(SolutionConfigurationPlatforms) = preSolution
		Debug|Any CPU = Debug|Any CPU
		Release|Any CPU = Release|Any CPU
	EndGlobalSection
	GlobalSection(ProjectConfigurationPlatforms) = postSolution
		{5496DAB3-EF17-4065-82B8-81951A04A9B8}.Debug|Any CPU.ActiveCfg = Debug|Any CPU
		{5496DAB3-EF17-4065-82B8-81951A04A9B8}.Debug|Any CPU.Build.0 = Debug|Any CPU
		{5496DAB3-EF17-4065-82B8-81951A04A9B8}.Release|Any CPU.ActiveCfg = Release|Any CPU
		{5496DAB3-EF17-4065-82B8-81951A04A9B8}.Release|Any CPU.Build.0 = Release|Any CPU
	EndGlobalSection
	GlobalSection(SolutionProperties) = preSolution
		HideSolutionNode = FALSE
	EndGlobalSection
	GlobalSection(ExtensibilityGlobals) = postSolution
		SolutionGuid = {DCC81ED9-5FF8-4AD4-ADCF-701DA55D6D03}
	EndGlobalSection
EndGlobal
